
Microsoft Visual Studio Solution File, Format Version 12.00
# Visual Studio Version 16
VisualStudioVersion = 16.0.31911.196
MinimumVisualStudioVersion = 10.0.40219.1
Project("{FAE04EC0-301F-11D3-BF4B-00C04F79EFBC}") = "WpfApp1", "WpfApp1\WpfApp1.csproj", "{A1359F4A-3718-43FC-89C4-5735A933BEF1}"
EndProject
Global
	GlobalSection(SolutionConfigurationPlatforms) = preSolution
		Debug|Any CPU = Debug|Any CPU
		Release|Any CPU = Release|Any CPU
	EndGlobalSection
	GlobalSection(ProjectConfigurationPlatforms) = postSolution
		{A1359F4A-3718-43FC-89C4-5735A933BEF1}.Debug|Any CPU.ActiveCfg = Debug|Any CPU
		{A1359F4A-3718-43FC-89C4-5735A933BEF1}.Debug|Any CPU.Build.0 = Debug|Any CPU
		{A1359F4A-3718-43FC-89C4-5735A933BEF1}.Release|Any CPU.ActiveCfg = Release|Any CPU
		{A1359F4A-3718-43FC-89C4-5735A933BEF1}.Release|Any CPU.Build.0 = Release|Any CPU
	EndGlobalSection
	GlobalSection(SolutionProperties) = preSolution
		HideSolutionNode = FALSE
	EndGlobalSection
	GlobalSection(ExtensibilityGlobals) = postSolution
		SolutionGuid = {E3F24DC7-1C8D-4BF6-906D-E4CAAC4AB070}
	EndGlobalSection
EndGlobal
